
Microsoft Visual Studio Solution File, Format Version 12.00
# Visual Studio 15
VisualStudioVersion = 15.0.28307.757
MinimumVisualStudioVersion = 10.0.40219.1
Project("{8BC9CEB8-8B4A-11D0-8D11-00A0C91BC942}") = "lab1-2", "lab1-2\lab1-2.vcxproj", "{6F56E764-22E4-4FE9-A7F6-01EAAB82374E}"
EndProject
Global
	GlobalSection(SolutionConfigurationPlatforms) = preSolution
		Debug|x64 = Debug|x64
		Debug|x86 = Debug|x86
		Release|x64 = Release|x64
		Release|x86 = Release|x86
	EndGlobalSection
	GlobalSection(ProjectConfigurationPlatforms) = postSolution
		{6F56E764-22E4-4FE9-A7F6-01EAAB82374E}.Debug|x64.ActiveCfg = Debug|x64
		{6F56E764-22E4-4FE9-A7F6-01EAAB82374E}.Debug|x64.Build.0 = Debug|x64
		{6F56E764-22E4-4FE9-A7F6-01EAAB82374E}.Debug|x86.ActiveCfg = Debug|Win32
		{6F56E764-22E4-4FE9-A7F6-01EAAB82374E}.Debug|x86.Build.0 = Debug|Win32
		{6F56E764-22E4-4FE9-A7F6-01EAAB82374E}.Release|x64.ActiveCfg = Release|x64
		{6F56E764-22E4-4FE9-A7F6-01EAAB82374E}.Release|x64.Build.0 = Release|x64
		{6F56E764-22E4-4FE9-A7F6-01EAAB82374E}.Release|x86.ActiveCfg = Release|Win32
		{6F56E764-22E4-4FE9-A7F6-01EAAB82374E}.Release|x86.Build.0 = Release|Win32
	EndGlobalSection
	GlobalSection(SolutionProperties) = preSolution
		HideSolutionNode = FALSE
	EndGlobalSection
	GlobalSection(ExtensibilityGlobals) = postSolution
		SolutionGuid = {05675370-F0C9-4718-BC0A-74FFA98F91C1}
	EndGlobalSection
EndGlobal
